
Microsoft Visual Studio Solution File, Format Version 12.00
# Visual Studio Version 16
VisualStudioVersion = 16.0.30114.105
MinimumVisualStudioVersion = 10.0.40219.1
Project("{FAE04EC0-301F-11D3-BF4B-00C04F79EFBC}") = "Mcc.Bot.Service", "Mcc.Bot.Service\Mcc.Bot.Service.csproj", "{6E22E664-8387-47FA-8376-64F87A2B3E1D}"
EndProject
Project("{FAE04EC0-301F-11D3-BF4B-00C04F79EFBC}") = "Mcc.Bot.Service.Tests", "Mcc.Bot.Service.Tests\Mcc.Bot.Service.Tests.csproj", "{B61C6CB6-7122-45EB-A8C9-6984B8513574}"
EndProject
Global
	GlobalSection(SolutionConfigurationPlatforms) = preSolution
		Debug|Any CPU = Debug|Any CPU
		Release|Any CPU = Release|Any CPU
	EndGlobalSection
	GlobalSection(SolutionProperties) = preSolution
		HideSolutionNode = FALSE
	EndGlobalSection
	GlobalSection(ProjectConfigurationPlatforms) = postSolution
		{6E22E664-8387-47FA-8376-64F87A2B3E1D}.Debug|Any CPU.ActiveCfg = Debug|Any CPU
		{6E22E664-8387-47FA-8376-64F87A2B3E1D}.Debug|Any CPU.Build.0 = Debug|Any CPU
		{6E22E664-8387-47FA-8376-64F87A2B3E1D}.Release|Any CPU.ActiveCfg = Release|Any CPU
		{6E22E664-8387-47FA-8376-64F87A2B3E1D}.Release|Any CPU.Build.0 = Release|Any CPU
		{B61C6CB6-7122-45EB-A8C9-6984B8513574}.Debug|Any CPU.ActiveCfg = Debug|Any CPU
		{B61C6CB6-7122-45EB-A8C9-6984B8513574}.Debug|Any CPU.Build.0 = Debug|Any CPU
		{B61C6CB6-7122-45EB-A8C9-6984B8513574}.Release|Any CPU.ActiveCfg = Release|Any CPU
		{B61C6CB6-7122-45EB-A8C9-6984B8513574}.Release|Any CPU.Build.0 = Release|Any CPU
	EndGlobalSection
EndGlobal
